{
  "name": "elm-html5-drag-drop-example",
  "version": "1.0.0",
  "lockfileVersion": 2,
  "requires": true,
  "packages": {
    "": {
      "name": "elm-html5-drag-drop-example",
      "version": "1.0.0",
      "license": "ISC",
      "devDependencies": {
        "elm-tooling": "^1.15.0"
      }
    },
    "node_modules/elm-tooling": {
      "version": "1.15.0",
      "resolved": "https://registry.npmjs.org/elm-tooling/-/elm-tooling-1.15.0.tgz",
      "integrity": "sha512-quRE5LGJyrkPBoJ3MvFQ5RGgf80J0L0d3NkduStvXh4TmZuMXNC3Z/l2ZRoq2UTUaNWeYfO1Zx5wns1AvsTrnw==",
      "dev": true,
      "bin": {
        "elm-tooling": "index.js"
      }
    }
  },
  "dependencies": {
    "elm-tooling": {
      "version": "1.15.0",
      "resolved": "https://registry.npmjs.org/elm-tooling/-/elm-tooling-1.15.0.tgz",
      "integrity": "sha512-quRE5LGJyrkPBoJ3MvFQ5RGgf80J0L0d3NkduStvXh4TmZuMXNC3Z/l2ZRoq2UTUaNWeYfO1Zx5wns1AvsTrnw==",
      "dev": true
    }
  }
}
